// !$*UTF8*$!
{
	archiveVersion = 1;
	classes = {
	};
	objectVersion = 56;
	objects = {

/* Begin PBXBuildFile section */
		2D3569F92995A22B0027928F /* Cinzel-VariableFont_wght.ttf in Resources */ = {isa = PBXBuildFile; fileRef = 2D3569F82995A22B0027928F /* Cinzel-VariableFont_wght.ttf */; };
		2D3569FB2995A8820027928F /* GoogleService-Info.plist in Resources */ = {isa = PBXBuildFile; fileRef = 2D3569FA2995A8820027928F /* GoogleService-Info.plist */; };
		2D6193B429860A8C001FCF77 /* Capstone_Dungeons_and_DragonsApp.swift in Sources */ = {isa = PBXBuildFile; fileRef = 2D6193B329860A8C001FCF77 /* Capstone_Dungeons_and_DragonsApp.swift */; };
		2D6193B629860A8C001FCF77 /* LoginCapView.swift in Sources */ = {isa = PBXBuildFile; fileRef = 2D6193B529860A8C001FCF77 /* LoginCapView.swift */; };
		2D6193B829860A8D001FCF77 /* Assets.xcassets in Resources */ = {isa = PBXBuildFile; fileRef = 2D6193B729860A8D001FCF77 /* Assets.xcassets */; };
		2D6193BB29860A8D001FCF77 /* Preview Assets.xcassets in Resources */ = {isa = PBXBuildFile; fileRef = 2D6193BA29860A8D001FCF77 /* Preview Assets.xcassets */; };
		2D6193C329860B52001FCF77 /* FirebaseAuth in Frameworks */ = {isa = PBXBuildFile; productRef = 2D6193C229860B52001FCF77 /* FirebaseAuth */; };
		2D6193C529860B52001FCF77 /* FirebaseFirestore in Frameworks */ = {isa = PBXBuildFile; productRef = 2D6193C429860B52001FCF77 /* FirebaseFirestore */; };
		2D6193C729860B52001FCF77 /* FirebaseFirestoreSwift in Frameworks */ = {isa = PBXBuildFile; productRef = 2D6193C629860B52001FCF77 /* FirebaseFirestoreSwift */; };
		2D6193C929860B52001FCF77 /* FirebaseStorage in Frameworks */ = {isa = PBXBuildFile; productRef = 2D6193C829860B52001FCF77 /* FirebaseStorage */; };
		2D6193CD29860CD9001FCF77 /* HomePostLoginView.swift in Sources */ = {isa = PBXBuildFile; fileRef = 2D6193CC29860CD9001FCF77 /* HomePostLoginView.swift */; };
		2D6193CF29860D07001FCF77 /* CharacterDetailView.swift in Sources */ = {isa = PBXBuildFile; fileRef = 2D6193CE29860D07001FCF77 /* CharacterDetailView.swift */; };
		2D6193D129860D11001FCF77 /* Character.swift in Sources */ = {isa = PBXBuildFile; fileRef = 2D6193D029860D11001FCF77 /* Character.swift */; };
		2D6193D329860D20001FCF77 /* CharacterViewModel.swift in Sources */ = {isa = PBXBuildFile; fileRef = 2D6193D229860D20001FCF77 /* CharacterViewModel.swift */; };
		2D6193D529860D2E001FCF77 /* User.swift in Sources */ = {isa = PBXBuildFile; fileRef = 2D6193D429860D2E001FCF77 /* User.swift */; };
		2D6193D729860D3B001FCF77 /* UserViewModel.swift in Sources */ = {isa = PBXBuildFile; fileRef = 2D6193D629860D3B001FCF77 /* UserViewModel.swift */; };
		2D6193DF29919CDD001FCF77 /* SecondCharacterView.swift in Sources */ = {isa = PBXBuildFile; fileRef = 2D6193DE29919CDD001FCF77 /* SecondCharacterView.swift */; };
		2D6193E129945699001FCF77 /* CharacterRaceModel.swift in Sources */ = {isa = PBXBuildFile; fileRef = 2D6193E029945699001FCF77 /* CharacterRaceModel.swift */; };
		2D6193E329945EF5001FCF77 /* CharacterClassModel.swift in Sources */ = {isa = PBXBuildFile; fileRef = 2D6193E229945EF5001FCF77 /* CharacterClassModel.swift */; };
		2D6193E5299460C8001FCF77 /* CharacterAlignmentModel.swift in Sources */ = {isa = PBXBuildFile; fileRef = 2D6193E4299460C8001FCF77 /* CharacterAlignmentModel.swift */; };
/* End PBXBuildFile section */

/* Begin PBXFileReference section */
		2D3569F72995A18C0027928F /* Capstone-Dungeons-and-Dragons-Info.plist */ = {isa = PBXFileReference; lastKnownFileType = text.plist; path = "Capstone-Dungeons-and-Dragons-Info.plist"; sourceTree = SOURCE_ROOT; };
		2D3569F82995A22B0027928F /* Cinzel-VariableFont_wght.ttf */ = {isa = PBXFileReference; lastKnownFileType = file; name = "Cinzel-VariableFont_wght.ttf"; path = "../../../Downloads/Cinzel/Cinzel-VariableFont_wght.ttf"; sourceTree = "<group>"; };
		2D3569FA2995A8820027928F /* GoogleService-Info.plist */ = {isa = PBXFileReference; fileEncoding = 4; lastKnownFileType = text.plist.xml; path = "GoogleService-Info.plist"; sourceTree = "<group>"; };
		2D6193B029860A8C001FCF77 /* Capstone Dungeons and Dragons.app */ = {isa = PBXFileReference; explicitFileType = wrapper.application; includeInIndex = 0; path = "Capstone Dungeons and Dragons.app"; sourceTree = BUILT_PRODUCTS_DIR; };
		2D6193B329860A8C001FCF77 /* Capstone_Dungeons_and_DragonsApp.swift */ = {isa = PBXFileReference; lastKnownFileType = sourcecode.swift; path = Capstone_Dungeons_and_DragonsApp.swift; sourceTree = "<group>"; };
		2D6193B529860A8C001FCF77 /* LoginCapView.swift */ = {isa = PBXFileReference; lastKnownFileType = sourcecode.swift; path = LoginCapView.swift; sourceTree = "<group>"; };
		2D6193B729860A8D001FCF77 /* Assets.xcassets */ = {isa = PBXFileReference; lastKnownFileType = folder.assetcatalog; path = Assets.xcassets; sourceTree = "<group>"; };
		2D6193BA29860A8D001FCF77 /* Preview Assets.xcassets */ = {isa = PBXFileReference; lastKnownFileType = folder.assetcatalog; path = "Preview Assets.xcassets"; sourceTree = "<group>"; };
		2D6193CC29860CD9001FCF77 /* HomePostLoginView.swift */ = {isa = PBXFileReference; lastKnownFileType = sourcecode.swift; path = HomePostLoginView.swift; sourceTree = "<group>"; };
		2D6193CE29860D07001FCF77 /* CharacterDetailView.swift */ = {isa = PBXFileReference; lastKnownFileType = sourcecode.swift; path = CharacterDetailView.swift; sourceTree = "<group>"; };
		2D6193D029860D11001FCF77 /* Character.swift */ = {isa = PBXFileReference; lastKnownFileType = sourcecode.swift; path = Character.swift; sourceTree = "<group>"; };
		2D6193D229860D20001FCF77 /* CharacterViewModel.swift */ = {isa = PBXFileReference; lastKnownFileType = sourcecode.swift; path = CharacterViewModel.swift; sourceTree = "<group>"; };
		2D6193D429860D2E001FCF77 /* User.swift */ = {isa = PBXFileReference; lastKnownFileType = sourcecode.swift; path = User.swift; sourceTree = "<group>"; };
		2D6193D629860D3B001FCF77 /* UserViewModel.swift */ = {isa = PBXFileReference; lastKnownFileType = sourcecode.swift; path = UserViewModel.swift; sourceTree = "<group>"; };
		2D6193DE29919CDD001FCF77 /* SecondCharacterView.swift */ = {isa = PBXFileReference; lastKnownFileType = sourcecode.swift; path = SecondCharacterView.swift; sourceTree = "<group>"; };
		2D6193E029945699001FCF77 /* CharacterRaceModel.swift */ = {isa = PBXFileReference; lastKnownFileType = sourcecode.swift; path = CharacterRaceModel.swift; sourceTree = "<group>"; };
		2D6193E229945EF5001FCF77 /* CharacterClassModel.swift */ = {isa = PBXFileReference; lastKnownFileType = sourcecode.swift; path = CharacterClassModel.swift; sourceTree = "<group>"; };
		2D6193E4299460C8001FCF77 /* CharacterAlignmentModel.swift */ = {isa = PBXFileReference; lastKnownFileType = sourcecode.swift; path = CharacterAlignmentModel.swift; sourceTree = "<group>"; };
/* End PBXFileReference section */

/* Begin PBXFrameworksBuildPhase section */
		2D6193AD29860A8C001FCF77 /* Frameworks */ = {
			isa = PBXFrameworksBuildPhase;
			buildActionMask = 2147483647;
			files = (
				2D6193C329860B52001FCF77 /* FirebaseAuth in Frameworks */,
				2D6193C929860B52001FCF77 /* FirebaseStorage in Frameworks */,
				2D6193C529860B52001FCF77 /* FirebaseFirestore in Frameworks */,
				2D6193C729860B52001FCF77 /* FirebaseFirestoreSwift in Frameworks */,
			);
			runOnlyForDeploymentPostprocessing = 0;
		};
/* End PBXFrameworksBuildPhase section */

/* Begin PBXGroup section */
		2D6193A729860A8C001FCF77 = {
			isa = PBXGroup;
			children = (
				2D6193B229860A8C001FCF77 /* Capstone Dungeons and Dragons */,
				2D6193B129860A8C001FCF77 /* Products */,
			);
			sourceTree = "<group>";
		};
		2D6193B129860A8C001FCF77 /* Products */ = {
			isa = PBXGroup;
			children = (
				2D6193B029860A8C001FCF77 /* Capstone Dungeons and Dragons.app */,
			);
			name = Products;
			sourceTree = "<group>";
		};
		2D6193B229860A8C001FCF77 /* Capstone Dungeons and Dragons */ = {
			isa = PBXGroup;
			children = (
				2D3569F72995A18C0027928F /* Capstone-Dungeons-and-Dragons-Info.plist */,
				2D3569F82995A22B0027928F /* Cinzel-VariableFont_wght.ttf */,
				2D6193B329860A8C001FCF77 /* Capstone_Dungeons_and_DragonsApp.swift */,
				2D6193B529860A8C001FCF77 /* LoginCapView.swift */,
				2D6193D429860D2E001FCF77 /* User.swift */,
				2D6193D629860D3B001FCF77 /* UserViewModel.swift */,
				2D6193CC29860CD9001FCF77 /* HomePostLoginView.swift */,
				2D6193CE29860D07001FCF77 /* CharacterDetailView.swift */,
				2D6193E4299460C8001FCF77 /* CharacterAlignmentModel.swift */,
				2D6193E229945EF5001FCF77 /* CharacterClassModel.swift */,
				2D6193E029945699001FCF77 /* CharacterRaceModel.swift */,
				2D6193D029860D11001FCF77 /* Character.swift */,
				2D6193D229860D20001FCF77 /* CharacterViewModel.swift */,
				2D6193DE29919CDD001FCF77 /* SecondCharacterView.swift */,
				2D6193B729860A8D001FCF77 /* Assets.xcassets */,
				2D3569FA2995A8820027928F /* GoogleService-Info.plist */,
				2D6193B929860A8D001FCF77 /* Preview Content */,
			);
			path = "Capstone Dungeons and Dragons";
			sourceTree = "<group>";
		};
		2D6193B929860A8D001FCF77 /* Preview Content */ = {
			isa = PBXGroup;
			children = (
				2D6193BA29860A8D001FCF77 /* Preview Assets.xcassets */,
			);
			path = "Preview Content";
			sourceTree = "<group>";
		};
/* End PBXGroup section */

/* Begin PBXNativeTarget section */
		2D6193AF29860A8C001FCF77 /* Capstone Dungeons and Dragons */ = {
			isa = PBXNativeTarget;
			buildConfigurationList = 2D6193BE29860A8D001FCF77 /* Build configuration list for PBXNativeTarget "Capstone Dungeons and Dragons" */;
			buildPhases = (
				2D6193AC29860A8C001FCF77 /* Sources */,
				2D6193AD29860A8C001FCF77 /* Frameworks */,
				2D6193AE29860A8C001FCF77 /* Resources */,
			);
			buildRules = (
			);
			dependencies = (
			);
			name = "Capstone Dungeons and Dragons";
			packageProductDependencies = (
				2D6193C229860B52001FCF77 /* FirebaseAuth */,
				2D6193C429860B52001FCF77 /* FirebaseFirestore */,
				2D6193C629860B52001FCF77 /* FirebaseFirestoreSwift */,
				2D6193C829860B52001FCF77 /* FirebaseStorage */,
			);
			productName = "Capstone Dungeons and Dragons";
			productReference = 2D6193B029860A8C001FCF77 /* Capstone Dungeons and Dragons.app */;
			productType = "com.apple.product-type.application";
		};
/* End PBXNativeTarget section */

/* Begin PBXProject section */
		2D6193A829860A8C001FCF77 /* Project object */ = {
			isa = PBXProject;
			attributes = {
				BuildIndependentTargetsInParallel = 1;
				LastSwiftUpdateCheck = 1420;
				LastUpgradeCheck = 1420;
				TargetAttributes = {
					2D6193AF29860A8C001FCF77 = {
						CreatedOnToolsVersion = 14.2;
					};
				};
			};
			buildConfigurationList = 2D6193AB29860A8C001FCF77 /* Build configuration list for PBXProject "Capstone Dungeons and Dragons" */;
			compatibilityVersion = "Xcode 14.0";
			developmentRegion = en;
			hasScannedForEncodings = 0;
			knownRegions = (
				en,
				Base,
			);
			mainGroup = 2D6193A729860A8C001FCF77;
			packageReferences = (
				2D6193C129860B52001FCF77 /* XCRemoteSwiftPackageReference "firebase-ios-sdk" */,
			);
			productRefGroup = 2D6193B129860A8C001FCF77 /* Products */;
			projectDirPath = "";
			projectRoot = "";
			targets = (
				2D6193AF29860A8C001FCF77 /* Capstone Dungeons and Dragons */,
			);
		};
/* End PBXProject section */

/* Begin PBXResourcesBuildPhase section */
		2D6193AE29860A8C001FCF77 /* Resources */ = {
			isa = PBXResourcesBuildPhase;
			buildActionMask = 2147483647;
			files = (
				2D3569F92995A22B0027928F /* Cinzel-VariableFont_wght.ttf in Resources */,
				2D3569FB2995A8820027928F /* GoogleService-Info.plist in Resources */,
				2D6193BB29860A8D001FCF77 /* Preview Assets.xcassets in Resources */,
				2D6193B829860A8D001FCF77 /* Assets.xcassets in Resources */,
			);
			runOnlyForDeploymentPostprocessing = 0;
		};
/* End PBXResourcesBuildPhase section */

/* Begin PBXSourcesBuildPhase section */
		2D6193AC29860A8C001FCF77 /* Sources */ = {
			isa = PBXSourcesBuildPhase;
			buildActionMask = 2147483647;
			files = (
				2D6193DF29919CDD001FCF77 /* SecondCharacterView.swift in Sources */,
				2D6193B629860A8C001FCF77 /* LoginCapView.swift in Sources */,
				2D6193D729860D3B001FCF77 /* UserViewModel.swift in Sources */,
				2D6193CD29860CD9001FCF77 /* HomePostLoginView.swift in Sources */,
				2D6193E329945EF5001FCF77 /* CharacterClassModel.swift in Sources */,
				2D6193E5299460C8001FCF77 /* CharacterAlignmentModel.swift in Sources */,
				2D6193D129860D11001FCF77 /* Character.swift in Sources */,
				2D6193B429860A8C001FCF77 /* Capstone_Dungeons_and_DragonsApp.swift in Sources */,
				2D6193D329860D20001FCF77 /* CharacterViewModel.swift in Sources */,
				2D6193CF29860D07001FCF77 /* CharacterDetailView.swift in Sources */,
				2D6193E129945699001FCF77 /* CharacterRaceModel.swift in Sources */,
				2D6193D529860D2E001FCF77 /* User.swift in Sources */,
			);
			runOnlyForDeploymentPostprocessing = 0;
		};
/* End PBXSourcesBuildPhase section */

/* Begin XCBuildConfiguration section */
		2D6193BC29860A8D001FCF77 /* Debug */ = {
			isa = XCBuildConfiguration;
			buildSettings = {
				ALWAYS_SEARCH_USER_PATHS = NO;
				CLANG_ANALYZER_NONNULL = YES;
				CLANG_ANALYZER_NUMBER_OBJECT_CONVERSION = YES_AGGRESSIVE;
				CLANG_CXX_LANGUAGE_STANDARD = "gnu++20";
				CLANG_ENABLE_MODULES = YES;
				CLANG_ENABLE_OBJC_ARC = YES;
				CLANG_ENABLE_OBJC_WEAK = YES;
				CLANG_WARN_BLOCK_CAPTURE_AUTORELEASING = YES;
				CLANG_WARN_BOOL_CONVERSION = YES;
				CLANG_WARN_COMMA = YES;
				CLANG_WARN_CONSTANT_CONVERSION = YES;
				CLANG_WARN_DEPRECATED_OBJC_IMPLEMENTATIONS = YES;
				CLANG_WARN_DIRECT_OBJC_ISA_USAGE = YES_ERROR;
				CLANG_WARN_DOCUMENTATION_COMMENTS = YES;
				CLANG_WARN_EMPTY_BODY = YES;
				CLANG_WARN_ENUM_CONVERSION = YES;
				CLANG_WARN_INFINITE_RECURSION = YES;
				CLANG_WARN_INT_CONVERSION = YES;
				CLANG_WARN_NON_LITERAL_NULL_CONVERSION = YES;
				CLANG_WARN_OBJC_IMPLICIT_RETAIN_SELF = YES;
				CLANG_WARN_OBJC_LITERAL_CONVERSION = YES;
				CLANG_WARN_OBJC_ROOT_CLASS = YES_ERROR;
				CLANG_WARN_QUOTED_INCLUDE_IN_FRAMEWORK_HEADER = YES;
				CLANG_WARN_RANGE_LOOP_ANALYSIS = YES;
				CLANG_WARN_STRICT_PROTOTYPES = YES;
				CLANG_WARN_SUSPICIOUS_MOVE = YES;
				CLANG_WARN_UNGUARDED_AVAILABILITY = YES_AGGRESSIVE;
				CLANG_WARN_UNREACHABLE_CODE = YES;
				CLANG_WARN__DUPLICATE_METHOD_MATCH = YES;
				COPY_PHASE_STRIP = NO;
				DEBUG_INFORMATION_FORMAT = dwarf;
				ENABLE_STRICT_OBJC_MSGSEND = YES;
				ENABLE_TESTABILITY = YES;
				GCC_C_LANGUAGE_STANDARD = gnu11;
				GCC_DYNAMIC_NO_PIC = NO;
				GCC_NO_COMMON_BLOCKS = YES;
				GCC_OPTIMIZATION_LEVEL = 0;
				GCC_PREPROCESSOR_DEFINITIONS = (
					"DEBUG=1",
					"$(inherited)",
				);
				GCC_WARN_64_TO_32_BIT_CONVERSION = YES;
				GCC_WARN_ABOUT_RETURN_TYPE = YES_ERROR;
				GCC_WARN_UNDECLARED_SELECTOR = YES;
				GCC_WARN_UNINITIALIZED_AUTOS = YES_AGGRESSIVE;
				GCC_WARN_UNUSED_FUNCTION = YES;
				GCC_WARN_UNUSED_VARIABLE = YES;
				IPHONEOS_DEPLOYMENT_TARGET = 16.2;
				MTL_ENABLE_DEBUG_INFO = INCLUDE_SOURCE;
				MTL_FAST_MATH = YES;
				ONLY_ACTIVE_ARCH = YES;
				SDKROOT = iphoneos;
				SWIFT_ACTIVE_COMPILATION_CONDITIONS = DEBUG;
				SWIFT_OPTIMIZATION_LEVEL = "-Onone";
			};
			name = Debug;
		};
		2D6193BD29860A8D001FCF77 /* Release */ = {
			isa = XCBuildConfiguration;
			buildSettings = {
				ALWAYS_SEARCH_USER_PATHS = NO;
				CLANG_ANALYZER_NONNULL = YES;
				CLANG_ANALYZER_NUMBER_OBJECT_CONVERSION = YES_AGGRESSIVE;
				CLANG_CXX_LANGUAGE_STANDARD = "gnu++20";
				CLANG_ENABLE_MODULES = YES;
				CLANG_ENABLE_OBJC_ARC = YES;
				CLANG_ENABLE_OBJC_WEAK = YES;
				CLANG_WARN_BLOCK_CAPTURE_AUTORELEASING = YES;
				CLANG_WARN_BOOL_CONVERSION = YES;
				CLANG_WARN_COMMA = YES;
				CLANG_WARN_CONSTANT_CONVERSION = YES;
				CLANG_WARN_DEPRECATED_OBJC_IMPLEMENTATIONS = YES;
				CLANG_WARN_DIRECT_OBJC_ISA_USAGE = YES_ERROR;
				CLANG_WARN_DOCUMENTATION_COMMENTS = YES;
				CLANG_WARN_EMPTY_BODY = YES;
				CLANG_WARN_ENUM_CONVERSION = YES;
				CLANG_WARN_INFINITE_RECURSION = YES;
				CLANG_WARN_INT_CONVERSION = YES;
				CLANG_WARN_NON_LITERAL_NULL_CONVERSION = YES;
				CLANG_WARN_OBJC_IMPLICIT_RETAIN_SELF = YES;
				CLANG_WARN_OBJC_LITERAL_CONVERSION = YES;
				CLANG_WARN_OBJC_ROOT_CLASS = YES_ERROR;
				CLANG_WARN_QUOTED_INCLUDE_IN_FRAMEWORK_HEADER = YES;
				CLANG_WARN_RANGE_LOOP_ANALYSIS = YES;
				CLANG_WARN_STRICT_PROTOTYPES = YES;
				CLANG_WARN_SUSPICIOUS_MOVE = YES;
				CLANG_WARN_UNGUARDED_AVAILABILITY = YES_AGGRESSIVE;
				CLANG_WARN_UNREACHABLE_CODE = YES;
				CLANG_WARN__DUPLICATE_METHOD_MATCH = YES;
				COPY_PHASE_STRIP = NO;
				DEBUG_INFORMATION_FORMAT = "dwarf-with-dsym";
				ENABLE_NS_ASSERTIONS = NO;
				ENABLE_STRICT_OBJC_MSGSEND = YES;
				GCC_C_LANGUAGE_STANDARD = gnu11;
				GCC_NO_COMMON_BLOCKS = YES;
				GCC_WARN_64_TO_32_BIT_CONVERSION = YES;
				GCC_WARN_ABOUT_RETURN_TYPE = YES_ERROR;
				GCC_WARN_UNDECLARED_SELECTOR = YES;
				GCC_WARN_UNINITIALIZED_AUTOS = YES_AGGRESSIVE;
				GCC_WARN_UNUSED_FUNCTION = YES;
				GCC_WARN_UNUSED_VARIABLE = YES;
				IPHONEOS_DEPLOYMENT_TARGET = 16.2;
				MTL_ENABLE_DEBUG_INFO = NO;
				MTL_FAST_MATH = YES;
				SDKROOT = iphoneos;
				SWIFT_COMPILATION_MODE = wholemodule;
				SWIFT_OPTIMIZATION_LEVEL = "-O";
				VALIDATE_PRODUCT = YES;
			};
			name = Release;
		};
		2D6193BF29860A8D001FCF77 /* Debug */ = {
			isa = XCBuildConfiguration;
			buildSettings = {
				ASSETCATALOG_COMPILER_APPICON_NAME = AppIcon;
				ASSETCATALOG_COMPILER_GLOBAL_ACCENT_COLOR_NAME = AccentColor;
				CODE_SIGN_STYLE = Automatic;
				CURRENT_PROJECT_VERSION = 1;
				DEVELOPMENT_ASSET_PATHS = "\"Capstone Dungeons and Dragons/Preview Content\"";
				DEVELOPMENT_TEAM = CHGH9D6UXH;
				ENABLE_PREVIEWS = YES;
				GENERATE_INFOPLIST_FILE = YES;
				INFOPLIST_FILE = "Capstone-Dungeons-and-Dragons-Info.plist";
				INFOPLIST_KEY_UIApplicationSceneManifest_Generation = YES;
				INFOPLIST_KEY_UIApplicationSupportsIndirectInputEvents = YES;
				INFOPLIST_KEY_UILaunchScreen_Generation = YES;
				INFOPLIST_KEY_UISupportedInterfaceOrientations_iPad = "UIInterfaceOrientationPortrait UIInterfaceOrientationPortraitUpsideDown UIInterfaceOrientationLandscapeLeft UIInterfaceOrientationLandscapeRight";
				INFOPLIST_KEY_UISupportedInterfaceOrientations_iPhone = "UIInterfaceOrientationPortrait UIInterfaceOrientationLandscapeLeft UIInterfaceOrientationLandscapeRight";
				LD_RUNPATH_SEARCH_PATHS = (
					"$(inherited)",
					"@executable_path/Frameworks",
				);
				MARKETING_VERSION = 1.0;
				PRODUCT_BUNDLE_IDENTIFIER = "com.samhunt.Capstone-Dungeons-and-Dragons";
				PRODUCT_NAME = "$(TARGET_NAME)";
				SWIFT_EMIT_LOC_STRINGS = YES;
				SWIFT_VERSION = 5.0;
				TARGETED_DEVICE_FAMILY = "1,2";
			};
			name = Debug;
		};
		2D6193C029860A8D001FCF77 /* Release */ = {
			isa = XCBuildConfiguration;
			buildSettings = {
				ASSETCATALOG_COMPILER_APPICON_NAME = AppIcon;
				ASSETCATALOG_COMPILER_GLOBAL_ACCENT_COLOR_NAME = AccentColor;
				CODE_SIGN_STYLE = Automatic;
				CURRENT_PROJECT_VERSION = 1;
				DEVELOPMENT_ASSET_PATHS = "\"Capstone Dungeons and Dragons/Preview Content\"";
				DEVELOPMENT_TEAM = CHGH9D6UXH;
				ENABLE_PREVIEWS = YES;
				GENERATE_INFOPLIST_FILE = YES;
				INFOPLIST_FILE = "Capstone-Dungeons-and-Dragons-Info.plist";
				INFOPLIST_KEY_UIApplicationSceneManifest_Generation = YES;
				INFOPLIST_KEY_UIApplicationSupportsIndirectInputEvents = YES;
				INFOPLIST_KEY_UILaunchScreen_Generation = YES;
				INFOPLIST_KEY_UISupportedInterfaceOrientations_iPad = "UIInterfaceOrientationPortrait UIInterfaceOrientationPortraitUpsideDown UIInterfaceOrientationLandscapeLeft UIInterfaceOrientationLandscapeRight";
				INFOPLIST_KEY_UISupportedInterfaceOrientations_iPhone = "UIInterfaceOrientationPortrait UIInterfaceOrientationLandscapeLeft UIInterfaceOrientationLandscapeRight";
				LD_RUNPATH_SEARCH_PATHS = (
					"$(inherited)",
					"@executable_path/Frameworks",
				);
				MARKETING_VERSION = 1.0;
				PRODUCT_BUNDLE_IDENTIFIER = "com.samhunt.Capstone-Dungeons-and-Dragons";
				PRODUCT_NAME = "$(TARGET_NAME)";
				SWIFT_EMIT_LOC_STRINGS = YES;
				SWIFT_VERSION = 5.0;
				TARGETED_DEVICE_FAMILY = "1,2";
			};
			name = Release;
		};
/* End XCBuildConfiguration section */

/* Begin XCConfigurationList section */
		2D6193AB29860A8C001FCF77 /* Build configuration list for PBXProject "Capstone Dungeons and Dragons" */ = {
			isa = XCConfigurationList;
			buildConfigurations = (
				2D6193BC29860A8D001FCF77 /* Debug */,
				2D6193BD29860A8D001FCF77 /* Release */,
			);
			defaultConfigurationIsVisible = 0;
			defaultConfigurationName = Release;
		};
		2D6193BE29860A8D001FCF77 /* Build configuration list for PBXNativeTarget "Capstone Dungeons and Dragons" */ = {
			isa = XCConfigurationList;
			buildConfigurations = (
				2D6193BF29860A8D001FCF77 /* Debug */,
				2D6193C029860A8D001FCF77 /* Release */,
			);
			defaultConfigurationIsVisible = 0;
			defaultConfigurationName = Release;
		};
/* End XCConfigurationList section */

/* Begin XCRemoteSwiftPackageReference section */
		2D6193C129860B52001FCF77 /* XCRemoteSwiftPackageReference "firebase-ios-sdk" */ = {
			isa = XCRemoteSwiftPackageReference;
			repositoryURL = "https://github.com/firebase/firebase-ios-sdk.git";
			requirement = {
				branch = master;
				kind = branch;
			};
		};
/* End XCRemoteSwiftPackageReference section */

/* Begin XCSwiftPackageProductDependency section */
		2D6193C229860B52001FCF77 /* FirebaseAuth */ = {
			isa = XCSwiftPackageProductDependency;
			package = 2D6193C129860B52001FCF77 /* XCRemoteSwiftPackageReference "firebase-ios-sdk" */;
			productName = FirebaseAuth;
		};
		2D6193C429860B52001FCF77 /* FirebaseFirestore */ = {
			isa = XCSwiftPackageProductDependency;
			package = 2D6193C129860B52001FCF77 /* XCRemoteSwiftPackageReference "firebase-ios-sdk" */;
			productName = FirebaseFirestore;
		};
		2D6193C629860B52001FCF77 /* FirebaseFirestoreSwift */ = {
			isa = XCSwiftPackageProductDependency;
			package = 2D6193C129860B52001FCF77 /* XCRemoteSwiftPackageReference "firebase-ios-sdk" */;
			productName = FirebaseFirestoreSwift;
		};
		2D6193C829860B52001FCF77 /* FirebaseStorage */ = {
			isa = XCSwiftPackageProductDependency;
			package = 2D6193C129860B52001FCF77 /* XCRemoteSwiftPackageReference "firebase-ios-sdk" */;
			productName = FirebaseStorage;
		};
/* End XCSwiftPackageProductDependency section */
	};
	rootObject = 2D6193A829860A8C001FCF77 /* Project object */;
}
